
Microsoft Visual Studio Solution File, Format Version 12.00
# Visual Studio 15
VisualStudioVersion = 15.0.27703.2035
MinimumVisualStudioVersion = 10.0.40219.1
Project("{FAE04EC0-301F-11D3-BF4B-00C04F79EFBC}") = "HelloWPF", "HelloWPF\HelloWPF.csproj", "{78F8A641-F557-489B-B72C-93FFB893AA5B}"
EndProject
Project("{FAE04EC0-301F-11D3-BF4B-00C04F79EFBC}") = "Calculator", "Calculator\Calculator.csproj", "{7E35554F-0920-4E17-B814-7E3C61A48294}"
EndProject
Project("{FAE04EC0-301F-11D3-BF4B-00C04F79EFBC}") = "DesktopContactsApp", "DesktopContactsApp\DesktopContactsApp.csproj", "{DF7365B7-64C9-4750-8CFB-F16D17D06871}"
EndProject
Project("{FAE04EC0-301F-11D3-BF4B-00C04F79EFBC}") = "FruitAI", "FruitAI\FruitAI.csproj", "{C6D81CD0-A9D5-46E9-91C1-78D3D5C44768}"
EndProject
Project("{FAE04EC0-301F-11D3-BF4B-00C04F79EFBC}") = "WeatherMVVM", "WeatherMVVM\WeatherMVVM.csproj", "{8DB8192B-151F-4815-BF5C-74F87835E5E5}"
EndProject
Global
	GlobalSection(SolutionConfigurationPlatforms) = preSolution
		Debug|Any CPU = Debug|Any CPU
		Release|Any CPU = Release|Any CPU
	EndGlobalSection
	GlobalSection(ProjectConfigurationPlatforms) = postSolution
		{78F8A641-F557-489B-B72C-93FFB893AA5B}.Debug|Any CPU.ActiveCfg = Debug|Any CPU
		{78F8A641-F557-489B-B72C-93FFB893AA5B}.Debug|Any CPU.Build.0 = Debug|Any CPU
		{78F8A641-F557-489B-B72C-93FFB893AA5B}.Release|Any CPU.ActiveCfg = Release|Any CPU
		{78F8A641-F557-489B-B72C-93FFB893AA5B}.Release|Any CPU.Build.0 = Release|Any CPU
		{7E35554F-0920-4E17-B814-7E3C61A48294}.Debug|Any CPU.ActiveCfg = Debug|Any CPU
		{7E35554F-0920-4E17-B814-7E3C61A48294}.Debug|Any CPU.Build.0 = Debug|Any CPU
		{7E35554F-0920-4E17-B814-7E3C61A48294}.Release|Any CPU.ActiveCfg = Release|Any CPU
		{7E35554F-0920-4E17-B814-7E3C61A48294}.Release|Any CPU.Build.0 = Release|Any CPU
		{DF7365B7-64C9-4750-8CFB-F16D17D06871}.Debug|Any CPU.ActiveCfg = Debug|Any CPU
		{DF7365B7-64C9-4750-8CFB-F16D17D06871}.Debug|Any CPU.Build.0 = Debug|Any CPU
		{DF7365B7-64C9-4750-8CFB-F16D17D06871}.Release|Any CPU.ActiveCfg = Release|Any CPU
		{DF7365B7-64C9-4750-8CFB-F16D17D06871}.Release|Any CPU.Build.0 = Release|Any CPU
		{C6D81CD0-A9D5-46E9-91C1-78D3D5C44768}.Debug|Any CPU.ActiveCfg = Debug|Any CPU
		{C6D81CD0-A9D5-46E9-91C1-78D3D5C44768}.Debug|Any CPU.Build.0 = Debug|Any CPU
		{C6D81CD0-A9D5-46E9-91C1-78D3D5C44768}.Release|Any CPU.ActiveCfg = Release|Any CPU
		{C6D81CD0-A9D5-46E9-91C1-78D3D5C44768}.Release|Any CPU.Build.0 = Release|Any CPU
		{8DB8192B-151F-4815-BF5C-74F87835E5E5}.Debug|Any CPU.ActiveCfg = Debug|Any CPU
		{8DB8192B-151F-4815-BF5C-74F87835E5E5}.Debug|Any CPU.Build.0 = Debug|Any CPU
		{8DB8192B-151F-4815-BF5C-74F87835E5E5}.Release|Any CPU.ActiveCfg = Release|Any CPU
		{8DB8192B-151F-4815-BF5C-74F87835E5E5}.Release|Any CPU.Build.0 = Release|Any CPU
	EndGlobalSection
	GlobalSection(SolutionProperties) = preSolution
		HideSolutionNode = FALSE
	EndGlobalSection
	GlobalSection(ExtensibilityGlobals) = postSolution
		SolutionGuid = {E53B68D9-0EA7-4F2D-AC01-8ED72EAD66D8}
	EndGlobalSection
EndGlobal
